
Microsoft Visual Studio Solution File, Format Version 12.00
# Visual Studio Version 16
VisualStudioVersion = 16.0.31515.178
MinimumVisualStudioVersion = 10.0.40219.1
Project("{FAE04EC0-301F-11D3-BF4B-00C04F79EFBC}") = "BlaidonWebApplication", "BlaidonWebApplication.csproj", "{184F3FEC-C3A9-4023-848D-FD98C43760BB}"
EndProject
Global
	GlobalSection(SolutionConfigurationPlatforms) = preSolution
		Debug|Any CPU = Debug|Any CPU
		Release|Any CPU = Release|Any CPU
	EndGlobalSection
	GlobalSection(ProjectConfigurationPlatforms) = postSolution
		{184F3FEC-C3A9-4023-848D-FD98C43760BB}.Debug|Any CPU.ActiveCfg = Debug|Any CPU
		{184F3FEC-C3A9-4023-848D-FD98C43760BB}.Debug|Any CPU.Build.0 = Debug|Any CPU
		{184F3FEC-C3A9-4023-848D-FD98C43760BB}.Release|Any CPU.ActiveCfg = Release|Any CPU
		{184F3FEC-C3A9-4023-848D-FD98C43760BB}.Release|Any CPU.Build.0 = Release|Any CPU
	EndGlobalSection
	GlobalSection(SolutionProperties) = preSolution
		HideSolutionNode = FALSE
	EndGlobalSection
	GlobalSection(ExtensibilityGlobals) = postSolution
		SolutionGuid = {0BA49026-E37E-41DC-BDA2-C06B8EA2EAED}
	EndGlobalSection
EndGlobal
